
Microsoft Visual Studio Solution File, Format Version 12.00
# Visual Studio Version 16
VisualStudioVersion = 16.0.31424.327
MinimumVisualStudioVersion = 10.0.40219.1
Project("{FAE04EC0-301F-11D3-BF4B-00C04F79EFBC}") = "CommanderGQL", "CommanderGQL\CommanderGQL.csproj", "{C5511CF4-4BED-49A6-B535-CBBA0D6EEB58}"
EndProject
Global
	GlobalSection(SolutionConfigurationPlatforms) = preSolution
		Debug|Any CPU = Debug|Any CPU
		Release|Any CPU = Release|Any CPU
	EndGlobalSection
	GlobalSection(ProjectConfigurationPlatforms) = postSolution
		{C5511CF4-4BED-49A6-B535-CBBA0D6EEB58}.Debug|Any CPU.ActiveCfg = Debug|Any CPU
		{C5511CF4-4BED-49A6-B535-CBBA0D6EEB58}.Debug|Any CPU.Build.0 = Debug|Any CPU
		{C5511CF4-4BED-49A6-B535-CBBA0D6EEB58}.Release|Any CPU.ActiveCfg = Release|Any CPU
		{C5511CF4-4BED-49A6-B535-CBBA0D6EEB58}.Release|Any CPU.Build.0 = Release|Any CPU
	EndGlobalSection
	GlobalSection(SolutionProperties) = preSolution
		HideSolutionNode = FALSE
	EndGlobalSection
	GlobalSection(ExtensibilityGlobals) = postSolution
		SolutionGuid = {3280042F-8464-407E-9FE7-B78647CD93DF}
	EndGlobalSection
EndGlobal
